
Microsoft Visual Studio Solution File, Format Version 12.00
# Visual Studio 2013
VisualStudioVersion = 12.0.40629.0
MinimumVisualStudioVersion = 10.0.40219.1
Project("{FAE04EC0-301F-11D3-BF4B-00C04F79EFBC}") = "PinFixed.iOS", "PinFixed\PinFixed.iOS\PinFixed.iOS.csproj", "{961F8330-9B96-4FF5-83EC-BEED859510EE}"
EndProject
Project("{FAE04EC0-301F-11D3-BF4B-00C04F79EFBC}") = "PinFixed.Droid", "PinFixed\PinFixed.Droid\PinFixed.Droid.csproj", "{2C33477A-398C-48A5-A77B-98AAD6479F49}"
EndProject
Project("{FAE04EC0-301F-11D3-BF4B-00C04F79EFBC}") = "PinFixed.WinPhone", "PinFixed\PinFixed.WinPhone\PinFixed.WinPhone.csproj", "{FF939E91-064D-4C59-B9B4-A5C38F6C403C}"
EndProject
Project("{FAE04EC0-301F-11D3-BF4B-00C04F79EFBC}") = "PinFixed", "PinFixed\PinFixed\PinFixed.csproj", "{55BDB81E-3221-4A2D-B3CC-240C9F190721}"
EndProject
Global
	GlobalSection(SolutionConfigurationPlatforms) = preSolution
		Ad-Hoc|Any CPU = Ad-Hoc|Any CPU
		Ad-Hoc|ARM = Ad-Hoc|ARM
		Ad-Hoc|iPhone = Ad-Hoc|iPhone
		Ad-Hoc|iPhoneSimulator = Ad-Hoc|iPhoneSimulator
		Ad-Hoc|Mixed Platforms = Ad-Hoc|Mixed Platforms
		Ad-Hoc|x86 = Ad-Hoc|x86
		AppStore|Any CPU = AppStore|Any CPU
		AppStore|ARM = AppStore|ARM
		AppStore|iPhone = AppStore|iPhone
		AppStore|iPhoneSimulator = AppStore|iPhoneSimulator
		AppStore|Mixed Platforms = AppStore|Mixed Platforms
		AppStore|x86 = AppStore|x86
		Debug|Any CPU = Debug|Any CPU
		Debug|ARM = Debug|ARM
		Debug|iPhone = Debug|iPhone
		Debug|iPhoneSimulator = Debug|iPhoneSimulator
		Debug|Mixed Platforms = Debug|Mixed Platforms
		Debug|x86 = Debug|x86
		Release|Any CPU = Release|Any CPU
		Release|ARM = Release|ARM
		Release|iPhone = Release|iPhone
		Release|iPhoneSimulator = Release|iPhoneSimulator
		Release|Mixed Platforms = Release|Mixed Platforms
		Release|x86 = Release|x86
	EndGlobalSection
	GlobalSection(ProjectConfigurationPlatforms) = postSolution
		{961F8330-9B96-4FF5-83EC-BEED859510EE}.Ad-Hoc|Any CPU.ActiveCfg = Ad-Hoc|iPhone
		{961F8330-9B96-4FF5-83EC-BEED859510EE}.Ad-Hoc|ARM.ActiveCfg = Ad-Hoc|iPhone
		{961F8330-9B96-4FF5-83EC-BEED859510EE}.Ad-Hoc|iPhone.ActiveCfg = Ad-Hoc|iPhone
		{961F8330-9B96-4FF5-83EC-BEED859510EE}.Ad-Hoc|iPhone.Build.0 = Ad-Hoc|iPhone
		{961F8330-9B96-4FF5-83EC-BEED859510EE}.Ad-Hoc|iPhoneSimulator.ActiveCfg = Ad-Hoc|iPhoneSimulator
		{961F8330-9B96-4FF5-83EC-BEED859510EE}.Ad-Hoc|iPhoneSimulator.Build.0 = Ad-Hoc|iPhoneSimulator
		{961F8330-9B96-4FF5-83EC-BEED859510EE}.Ad-Hoc|Mixed Platforms.ActiveCfg = Ad-Hoc|iPhone
		{961F8330-9B96-4FF5-83EC-BEED859510EE}.Ad-Hoc|Mixed Platforms.Build.0 = Ad-Hoc|iPhone
		{961F8330-9B96-4FF5-83EC-BEED859510EE}.Ad-Hoc|x86.ActiveCfg = Ad-Hoc|iPhone
		{961F8330-9B96-4FF5-83EC-BEED859510EE}.AppStore|Any CPU.ActiveCfg = AppStore|iPhone
		{961F8330-9B96-4FF5-83EC-BEED859510EE}.AppStore|ARM.ActiveCfg = AppStore|iPhone
		{961F8330-9B96-4FF5-83EC-BEED859510EE}.AppStore|iPhone.ActiveCfg = AppStore|iPhone
		{961F8330-9B96-4FF5-83EC-BEED859510EE}.AppStore|iPhone.Build.0 = AppStore|iPhone
		{961F8330-9B96-4FF5-83EC-BEED859510EE}.AppStore|iPhoneSimulator.ActiveCfg = AppStore|iPhoneSimulator
		{961F8330-9B96-4FF5-83EC-BEED859510EE}.AppStore|iPhoneSimulator.Build.0 = AppStore|iPhoneSimulator
		{961F8330-9B96-4FF5-83EC-BEED859510EE}.AppStore|Mixed Platforms.ActiveCfg = AppStore|iPhone
		{961F8330-9B96-4FF5-83EC-BEED859510EE}.AppStore|Mixed Platforms.Build.0 = AppStore|iPhone
		{961F8330-9B96-4FF5-83EC-BEED859510EE}.AppStore|x86.ActiveCfg = AppStore|iPhone
		{961F8330-9B96-4FF5-83EC-BEED859510EE}.Debug|Any CPU.ActiveCfg = Debug|iPhone
		{961F8330-9B96-4FF5-83EC-BEED859510EE}.Debug|ARM.ActiveCfg = Debug|iPhone
		{961F8330-9B96-4FF5-83EC-BEED859510EE}.Debug|iPhone.ActiveCfg = Debug|iPhone
		{961F8330-9B96-4FF5-83EC-BEED859510EE}.Debug|iPhone.Build.0 = Debug|iPhone
		{961F8330-9B96-4FF5-83EC-BEED859510EE}.Debug|iPhoneSimulator.ActiveCfg = Debug|iPhoneSimulator
		{961F8330-9B96-4FF5-83EC-BEED859510EE}.Debug|iPhoneSimulator.Build.0 = Debug|iPhoneSimulator
		{961F8330-9B96-4FF5-83EC-BEED859510EE}.Debug|Mixed Platforms.ActiveCfg = Debug|iPhone
		{961F8330-9B96-4FF5-83EC-BEED859510EE}.Debug|x86.ActiveCfg = Debug|iPhone
		{961F8330-9B96-4FF5-83EC-BEED859510EE}.Release|Any CPU.ActiveCfg = Release|iPhone
		{961F8330-9B96-4FF5-83EC-BEED859510EE}.Release|ARM.ActiveCfg = Release|iPhone
		{961F8330-9B96-4FF5-83EC-BEED859510EE}.Release|iPhone.ActiveCfg = Release|iPhone
		{961F8330-9B96-4FF5-83EC-BEED859510EE}.Release|iPhone.Build.0 = Release|iPhone
		{961F8330-9B96-4FF5-83EC-BEED859510EE}.Release|iPhoneSimulator.ActiveCfg = Release|iPhoneSimulator
		{961F8330-9B96-4FF5-83EC-BEED859510EE}.Release|iPhoneSimulator.Build.0 = Release|iPhoneSimulator
		{961F8330-9B96-4FF5-83EC-BEED859510EE}.Release|Mixed Platforms.ActiveCfg = Release|iPhone
		{961F8330-9B96-4FF5-83EC-BEED859510EE}.Release|Mixed Platforms.Build.0 = Release|iPhone
		{961F8330-9B96-4FF5-83EC-BEED859510EE}.Release|x86.ActiveCfg = Release|iPhone
		{2C33477A-398C-48A5-A77B-98AAD6479F49}.Ad-Hoc|Any CPU.ActiveCfg = Release|Any CPU
		{2C33477A-398C-48A5-A77B-98AAD6479F49}.Ad-Hoc|Any CPU.Build.0 = Release|Any CPU
		{2C33477A-398C-48A5-A77B-98AAD6479F49}.Ad-Hoc|Any CPU.Deploy.0 = Release|Any CPU
		{2C33477A-398C-48A5-A77B-98AAD6479F49}.Ad-Hoc|ARM.ActiveCfg = Release|Any CPU
		{2C33477A-398C-48A5-A77B-98AAD6479F49}.Ad-Hoc|iPhone.ActiveCfg = Release|Any CPU
		{2C33477A-398C-48A5-A77B-98AAD6479F49}.Ad-Hoc|iPhoneSimulator.ActiveCfg = Release|Any CPU
		{2C33477A-398C-48A5-A77B-98AAD6479F49}.Ad-Hoc|Mixed Platforms.ActiveCfg = Release|Any CPU
		{2C33477A-398C-48A5-A77B-98AAD6479F49}.Ad-Hoc|Mixed Platforms.Build.0 = Release|Any CPU
		{2C33477A-398C-48A5-A77B-98AAD6479F49}.Ad-Hoc|Mixed Platforms.Deploy.0 = Release|Any CPU
		{2C33477A-398C-48A5-A77B-98AAD6479F49}.Ad-Hoc|x86.ActiveCfg = Release|Any CPU
		{2C33477A-398C-48A5-A77B-98AAD6479F49}.AppStore|Any CPU.ActiveCfg = Release|Any CPU
		{2C33477A-398C-48A5-A77B-98AAD6479F49}.AppStore|Any CPU.Build.0 = Release|Any CPU
		{2C33477A-398C-48A5-A77B-98AAD6479F49}.AppStore|Any CPU.Deploy.0 = Release|Any CPU
		{2C33477A-398C-48A5-A77B-98AAD6479F49}.AppStore|ARM.ActiveCfg = Release|Any CPU
		{2C33477A-398C-48A5-A77B-98AAD6479F49}.AppStore|iPhone.ActiveCfg = Release|Any CPU
		{2C33477A-398C-48A5-A77B-98AAD6479F49}.AppStore|iPhoneSimulator.ActiveCfg = Release|Any CPU
		{2C33477A-398C-48A5-A77B-98AAD6479F49}.AppStore|Mixed Platforms.ActiveCfg = Release|Any CPU
		{2C33477A-398C-48A5-A77B-98AAD6479F49}.AppStore|Mixed Platforms.Build.0 = Release|Any CPU
		{2C33477A-398C-48A5-A77B-98AAD6479F49}.AppStore|Mixed Platforms.Deploy.0 = Release|Any CPU
		{2C33477A-398C-48A5-A77B-98AAD6479F49}.AppStore|x86.ActiveCfg = Release|Any CPU
		{2C33477A-398C-48A5-A77B-98AAD6479F49}.Debug|Any CPU.ActiveCfg = Debug|Any CPU
		{2C33477A-398C-48A5-A77B-98AAD6479F49}.Debug|Any CPU.Build.0 = Debug|Any CPU
		{2C33477A-398C-48A5-A77B-98AAD6479F49}.Debug|Any CPU.Deploy.0 = Debug|Any CPU
		{2C33477A-398C-48A5-A77B-98AAD6479F49}.Debug|ARM.ActiveCfg = Debug|Any CPU
		{2C33477A-398C-48A5-A77B-98AAD6479F49}.Debug|iPhone.ActiveCfg = Debug|Any CPU
		{2C33477A-398C-48A5-A77B-98AAD6479F49}.Debug|iPhoneSimulator.ActiveCfg = Debug|Any CPU
		{2C33477A-398C-48A5-A77B-98AAD6479F49}.Debug|Mixed Platforms.ActiveCfg = Debug|Any CPU
		{2C33477A-398C-48A5-A77B-98AAD6479F49}.Debug|Mixed Platforms.Build.0 = Debug|Any CPU
		{2C33477A-398C-48A5-A77B-98AAD6479F49}.Debug|Mixed Platforms.Deploy.0 = Debug|Any CPU
		{2C33477A-398C-48A5-A77B-98AAD6479F49}.Debug|x86.ActiveCfg = Debug|Any CPU
		{2C33477A-398C-48A5-A77B-98AAD6479F49}.Release|Any CPU.ActiveCfg = Release|Any CPU
		{2C33477A-398C-48A5-A77B-98AAD6479F49}.Release|Any CPU.Build.0 = Release|Any CPU
		{2C33477A-398C-48A5-A77B-98AAD6479F49}.Release|Any CPU.Deploy.0 = Release|Any CPU
		{2C33477A-398C-48A5-A77B-98AAD6479F49}.Release|ARM.ActiveCfg = Release|Any CPU
		{2C33477A-398C-48A5-A77B-98AAD6479F49}.Release|iPhone.ActiveCfg = Release|Any CPU
		{2C33477A-398C-48A5-A77B-98AAD6479F49}.Release|iPhoneSimulator.ActiveCfg = Release|Any CPU
		{2C33477A-398C-48A5-A77B-98AAD6479F49}.Release|Mixed Platforms.ActiveCfg = Release|Any CPU
		{2C33477A-398C-48A5-A77B-98AAD6479F49}.Release|Mixed Platforms.Build.0 = Release|Any CPU
		{2C33477A-398C-48A5-A77B-98AAD6479F49}.Release|Mixed Platforms.Deploy.0 = Release|Any CPU
		{2C33477A-398C-48A5-A77B-98AAD6479F49}.Release|x86.ActiveCfg = Release|Any CPU
		{FF939E91-064D-4C59-B9B4-A5C38F6C403C}.Ad-Hoc|Any CPU.ActiveCfg = Release|Any CPU
		{FF939E91-064D-4C59-B9B4-A5C38F6C403C}.Ad-Hoc|Any CPU.Build.0 = Release|Any CPU
		{FF939E91-064D-4C59-B9B4-A5C38F6C403C}.Ad-Hoc|ARM.ActiveCfg = Release|ARM
		{FF939E91-064D-4C59-B9B4-A5C38F6C403C}.Ad-Hoc|ARM.Build.0 = Release|ARM
		{FF939E91-064D-4C59-B9B4-A5C38F6C403C}.Ad-Hoc|ARM.Deploy.0 = Release|ARM
		{FF939E91-064D-4C59-B9B4-A5C38F6C403C}.Ad-Hoc|iPhone.ActiveCfg = Release|Any CPU
		{FF939E91-064D-4C59-B9B4-A5C38F6C403C}.Ad-Hoc|iPhoneSimulator.ActiveCfg = Release|Any CPU
		{FF939E91-064D-4C59-B9B4-A5C38F6C403C}.Ad-Hoc|Mixed Platforms.ActiveCfg = Release|x86
		{FF939E91-064D-4C59-B9B4-A5C38F6C403C}.Ad-Hoc|Mixed Platforms.Build.0 = Release|x86
		{FF939E91-064D-4C59-B9B4-A5C38F6C403C}.Ad-Hoc|Mixed Platforms.Deploy.0 = Release|x86
		{FF939E91-064D-4C59-B9B4-A5C38F6C403C}.Ad-Hoc|x86.ActiveCfg = Release|x86
		{FF939E91-064D-4C59-B9B4-A5C38F6C403C}.Ad-Hoc|x86.Build.0 = Release|x86
		{FF939E91-064D-4C59-B9B4-A5C38F6C403C}.Ad-Hoc|x86.Deploy.0 = Release|x86
		{FF939E91-064D-4C59-B9B4-A5C38F6C403C}.AppStore|Any CPU.ActiveCfg = Release|Any CPU
		{FF939E91-064D-4C59-B9B4-A5C38F6C403C}.AppStore|Any CPU.Build.0 = Release|Any CPU
		{FF939E91-064D-4C59-B9B4-A5C38F6C403C}.AppStore|Any CPU.Deploy.0 = Release|Any CPU
		{FF939E91-064D-4C59-B9B4-A5C38F6C403C}.AppStore|ARM.ActiveCfg = Release|ARM
		{FF939E91-064D-4C59-B9B4-A5C38F6C403C}.AppStore|ARM.Build.0 = Release|ARM
		{FF939E91-064D-4C59-B9B4-A5C38F6C403C}.AppStore|ARM.Deploy.0 = Release|ARM
		{FF939E91-064D-4C59-B9B4-A5C38F6C403C}.AppStore|iPhone.ActiveCfg = Release|Any CPU
		{FF939E91-064D-4C59-B9B4-A5C38F6C403C}.AppStore|iPhoneSimulator.ActiveCfg = Release|Any CPU
		{FF939E91-064D-4C59-B9B4-A5C38F6C403C}.AppStore|Mixed Platforms.ActiveCfg = Release|x86
		{FF939E91-064D-4C59-B9B4-A5C38F6C403C}.AppStore|Mixed Platforms.Build.0 = Release|x86
		{FF939E91-064D-4C59-B9B4-A5C38F6C403C}.AppStore|Mixed Platforms.Deploy.0 = Release|x86
		{FF939E91-064D-4C59-B9B4-A5C38F6C403C}.AppStore|x86.ActiveCfg = Release|x86
		{FF939E91-064D-4C59-B9B4-A5C38F6C403C}.AppStore|x86.Build.0 = Release|x86
		{FF939E91-064D-4C59-B9B4-A5C38F6C403C}.AppStore|x86.Deploy.0 = Release|x86
		{FF939E91-064D-4C59-B9B4-A5C38F6C403C}.Debug|Any CPU.ActiveCfg = Debug|Any CPU
		{FF939E91-064D-4C59-B9B4-A5C38F6C403C}.Debug|Any CPU.Build.0 = Debug|Any CPU
		{FF939E91-064D-4C59-B9B4-A5C38F6C403C}.Debug|ARM.ActiveCfg = Debug|ARM
		{FF939E91-064D-4C59-B9B4-A5C38F6C403C}.Debug|ARM.Build.0 = Debug|ARM
		{FF939E91-064D-4C59-B9B4-A5C38F6C403C}.Debug|ARM.Deploy.0 = Debug|ARM
		{FF939E91-064D-4C59-B9B4-A5C38F6C403C}.Debug|iPhone.ActiveCfg = Debug|Any CPU
		{FF939E91-064D-4C59-B9B4-A5C38F6C403C}.Debug|iPhoneSimulator.ActiveCfg = Debug|Any CPU
		{FF939E91-064D-4C59-B9B4-A5C38F6C403C}.Debug|Mixed Platforms.ActiveCfg = Debug|x86
		{FF939E91-064D-4C59-B9B4-A5C38F6C403C}.Debug|x86.ActiveCfg = Debug|x86
		{FF939E91-064D-4C59-B9B4-A5C38F6C403C}.Debug|x86.Build.0 = Debug|x86
		{FF939E91-064D-4C59-B9B4-A5C38F6C403C}.Debug|x86.Deploy.0 = Debug|x86
		{FF939E91-064D-4C59-B9B4-A5C38F6C403C}.Release|Any CPU.ActiveCfg = Release|Any CPU
		{FF939E91-064D-4C59-B9B4-A5C38F6C403C}.Release|Any CPU.Build.0 = Release|Any CPU
		{FF939E91-064D-4C59-B9B4-A5C38F6C403C}.Release|Any CPU.Deploy.0 = Release|Any CPU
		{FF939E91-064D-4C59-B9B4-A5C38F6C403C}.Release|ARM.ActiveCfg = Release|ARM
		{FF939E91-064D-4C59-B9B4-A5C38F6C403C}.Release|ARM.Build.0 = Release|ARM
		{FF939E91-064D-4C59-B9B4-A5C38F6C403C}.Release|ARM.Deploy.0 = Release|ARM
		{FF939E91-064D-4C59-B9B4-A5C38F6C403C}.Release|iPhone.ActiveCfg = Release|Any CPU
		{FF939E91-064D-4C59-B9B4-A5C38F6C403C}.Release|iPhoneSimulator.ActiveCfg = Release|Any CPU
		{FF939E91-064D-4C59-B9B4-A5C38F6C403C}.Release|Mixed Platforms.ActiveCfg = Release|x86
		{FF939E91-064D-4C59-B9B4-A5C38F6C403C}.Release|Mixed Platforms.Build.0 = Release|x86
		{FF939E91-064D-4C59-B9B4-A5C38F6C403C}.Release|Mixed Platforms.Deploy.0 = Release|x86
		{FF939E91-064D-4C59-B9B4-A5C38F6C403C}.Release|x86.ActiveCfg = Release|x86
		{FF939E91-064D-4C59-B9B4-A5C38F6C403C}.Release|x86.Build.0 = Release|x86
		{FF939E91-064D-4C59-B9B4-A5C38F6C403C}.Release|x86.Deploy.0 = Release|x86
		{55BDB81E-3221-4A2D-B3CC-240C9F190721}.Ad-Hoc|Any CPU.ActiveCfg = Release|Any CPU
		{55BDB81E-3221-4A2D-B3CC-240C9F190721}.Ad-Hoc|Any CPU.Build.0 = Release|Any CPU
		{55BDB81E-3221-4A2D-B3CC-240C9F190721}.Ad-Hoc|ARM.ActiveCfg = Release|Any CPU
		{55BDB81E-3221-4A2D-B3CC-240C9F190721}.Ad-Hoc|iPhone.ActiveCfg = Release|Any CPU
		{55BDB81E-3221-4A2D-B3CC-240C9F190721}.Ad-Hoc|iPhone.Build.0 = Release|Any CPU
		{55BDB81E-3221-4A2D-B3CC-240C9F190721}.Ad-Hoc|iPhoneSimulator.ActiveCfg = Release|Any CPU
		{55BDB81E-3221-4A2D-B3CC-240C9F190721}.Ad-Hoc|Mixed Platforms.ActiveCfg = Release|Any CPU
		{55BDB81E-3221-4A2D-B3CC-240C9F190721}.Ad-Hoc|Mixed Platforms.Build.0 = Release|Any CPU
		{55BDB81E-3221-4A2D-B3CC-240C9F190721}.Ad-Hoc|x86.ActiveCfg = Release|Any CPU
		{55BDB81E-3221-4A2D-B3CC-240C9F190721}.AppStore|Any CPU.ActiveCfg = Release|Any CPU
		{55BDB81E-3221-4A2D-B3CC-240C9F190721}.AppStore|Any CPU.Build.0 = Release|Any CPU
		{55BDB81E-3221-4A2D-B3CC-240C9F190721}.AppStore|ARM.ActiveCfg = Release|Any CPU
		{55BDB81E-3221-4A2D-B3CC-240C9F190721}.AppStore|iPhone.ActiveCfg = Release|Any CPU
		{55BDB81E-3221-4A2D-B3CC-240C9F190721}.AppStore|iPhoneSimulator.ActiveCfg = Release|Any CPU
		{55BDB81E-3221-4A2D-B3CC-240C9F190721}.AppStore|Mixed Platforms.ActiveCfg = Release|Any CPU
		{55BDB81E-3221-4A2D-B3CC-240C9F190721}.AppStore|Mixed Platforms.Build.0 = Release|Any CPU
		{55BDB81E-3221-4A2D-B3CC-240C9F190721}.AppStore|x86.ActiveCfg = Release|Any CPU
		{55BDB81E-3221-4A2D-B3CC-240C9F190721}.Debug|Any CPU.ActiveCfg = Debug|Any CPU
		{55BDB81E-3221-4A2D-B3CC-240C9F190721}.Debug|Any CPU.Build.0 = Debug|Any CPU
		{55BDB81E-3221-4A2D-B3CC-240C9F190721}.Debug|ARM.ActiveCfg = Debug|Any CPU
		{55BDB81E-3221-4A2D-B3CC-240C9F190721}.Debug|iPhone.ActiveCfg = Debug|Any CPU
		{55BDB81E-3221-4A2D-B3CC-240C9F190721}.Debug|iPhone.Build.0 = Debug|Any CPU
		{55BDB81E-3221-4A2D-B3CC-240C9F190721}.Debug|iPhoneSimulator.ActiveCfg = Debug|Any CPU
		{55BDB81E-3221-4A2D-B3CC-240C9F190721}.Debug|Mixed Platforms.ActiveCfg = Debug|Any CPU
		{55BDB81E-3221-4A2D-B3CC-240C9F190721}.Debug|Mixed Platforms.Build.0 = Debug|Any CPU
		{55BDB81E-3221-4A2D-B3CC-240C9F190721}.Debug|x86.ActiveCfg = Debug|Any CPU
		{55BDB81E-3221-4A2D-B3CC-240C9F190721}.Release|Any CPU.ActiveCfg = Release|Any CPU
		{55BDB81E-3221-4A2D-B3CC-240C9F190721}.Release|Any CPU.Build.0 = Release|Any CPU
		{55BDB81E-3221-4A2D-B3CC-240C9F190721}.Release|ARM.ActiveCfg = Release|Any CPU
		{55BDB81E-3221-4A2D-B3CC-240C9F190721}.Release|iPhone.ActiveCfg = Release|Any CPU
		{55BDB81E-3221-4A2D-B3CC-240C9F190721}.Release|iPhoneSimulator.ActiveCfg = Release|Any CPU
		{55BDB81E-3221-4A2D-B3CC-240C9F190721}.Release|Mixed Platforms.ActiveCfg = Release|Any CPU
		{55BDB81E-3221-4A2D-B3CC-240C9F190721}.Release|Mixed Platforms.Build.0 = Release|Any CPU
		{55BDB81E-3221-4A2D-B3CC-240C9F190721}.Release|x86.ActiveCfg = Release|Any CPU
	EndGlobalSection
	GlobalSection(SolutionProperties) = preSolution
		HideSolutionNode = FALSE
	EndGlobalSection
EndGlobal
